
Microsoft Visual Studio Solution File, Format Version 12.00
# Visual Studio 2013
VisualStudioVersion = 12.0.31101.0
MinimumVisualStudioVersion = 10.0.40219.1
Project("{FAE04EC0-301F-11D3-BF4B-00C04F79EFBC}") = "HaisaCodeGenerator", "HaisaCodeGenerator\HaisaCodeGenerator.csproj", "{5EF4FA45-5629-4DB1-9CB1-18A9341F2A07}"
EndProject
Project("{FAE04EC0-301F-11D3-BF4B-00C04F79EFBC}") = "CodeGeneratorBase", "CodeGeneratorBase\CodeGeneratorBase.csproj", "{DA6FA102-D197-4BD4-8317-1AF8189BC737}"
EndProject
Global
	GlobalSection(SolutionConfigurationPlatforms) = preSolution
		Debug|Any CPU = Debug|Any CPU
		Release|Any CPU = Release|Any CPU
	EndGlobalSection
	GlobalSection(ProjectConfigurationPlatforms) = postSolution
		{5EF4FA45-5629-4DB1-9CB1-18A9341F2A07}.Debug|Any CPU.ActiveCfg = Debug|Any CPU
		{5EF4FA45-5629-4DB1-9CB1-18A9341F2A07}.Debug|Any CPU.Build.0 = Debug|Any CPU
		{5EF4FA45-5629-4DB1-9CB1-18A9341F2A07}.Release|Any CPU.ActiveCfg = Release|Any CPU
		{5EF4FA45-5629-4DB1-9CB1-18A9341F2A07}.Release|Any CPU.Build.0 = Release|Any CPU
		{DA6FA102-D197-4BD4-8317-1AF8189BC737}.Debug|Any CPU.ActiveCfg = Debug|Any CPU
		{DA6FA102-D197-4BD4-8317-1AF8189BC737}.Debug|Any CPU.Build.0 = Debug|Any CPU
		{DA6FA102-D197-4BD4-8317-1AF8189BC737}.Release|Any CPU.ActiveCfg = Release|Any CPU
		{DA6FA102-D197-4BD4-8317-1AF8189BC737}.Release|Any CPU.Build.0 = Release|Any CPU
	EndGlobalSection
	GlobalSection(SolutionProperties) = preSolution
		HideSolutionNode = FALSE
	EndGlobalSection
EndGlobal
